
Microsoft Visual Studio Solution File, Format Version 12.00
# Visual Studio Version 17
VisualStudioVersion = 17.6.33801.468
MinimumVisualStudioVersion = 10.0.40219.1
Project("{FAE04EC0-301F-11D3-BF4B-00C04F79EFBC}") = "TDD-Tv", "TDD-Tv\TDD-Tv.csproj", "{B75227A6-1609-4E96-ADD7-40637EED88E0}"
EndProject
Project("{FAE04EC0-301F-11D3-BF4B-00C04F79EFBC}") = "TV-Tests", "TV-Tests\TV-Tests.csproj", "{67FD8FFE-C5DD-4C21-B05E-CEBF88CDFDDD}"
EndProject
Global
	GlobalSection(SolutionConfigurationPlatforms) = preSolution
		Debug|Any CPU = Debug|Any CPU
		Release|Any CPU = Release|Any CPU
	EndGlobalSection
	GlobalSection(ProjectConfigurationPlatforms) = postSolution
		{B75227A6-1609-4E96-ADD7-40637EED88E0}.Debug|Any CPU.ActiveCfg = Debug|Any CPU
		{B75227A6-1609-4E96-ADD7-40637EED88E0}.Debug|Any CPU.Build.0 = Debug|Any CPU
		{B75227A6-1609-4E96-ADD7-40637EED88E0}.Release|Any CPU.ActiveCfg = Release|Any CPU
		{B75227A6-1609-4E96-ADD7-40637EED88E0}.Release|Any CPU.Build.0 = Release|Any CPU
		{67FD8FFE-C5DD-4C21-B05E-CEBF88CDFDDD}.Debug|Any CPU.ActiveCfg = Debug|Any CPU
		{67FD8FFE-C5DD-4C21-B05E-CEBF88CDFDDD}.Debug|Any CPU.Build.0 = Debug|Any CPU
		{67FD8FFE-C5DD-4C21-B05E-CEBF88CDFDDD}.Release|Any CPU.ActiveCfg = Release|Any CPU
		{67FD8FFE-C5DD-4C21-B05E-CEBF88CDFDDD}.Release|Any CPU.Build.0 = Release|Any CPU
	EndGlobalSection
	GlobalSection(SolutionProperties) = preSolution
		HideSolutionNode = FALSE
	EndGlobalSection
	GlobalSection(ExtensibilityGlobals) = postSolution
		SolutionGuid = {ACF65788-9B7F-42EC-8C0B-DF20AF017382}
	EndGlobalSection
EndGlobal
